
Microsoft Visual Studio Solution File, Format Version 12.00
# Visual Studio Version 18
VisualStudioVersion = 18.6.11806.211
MinimumVisualStudioVersion = 10.0.40219.1
Project("{FAE04EC0-301F-11D3-BF4B-00C04F79EFBC}") = "OperationalWorkspaceUI", "OperationalWorkspaceUI\OperationalWorkspaceUI.csproj", "{BCD82251-DFFE-4ECB-8A69-4D3A4B608E5E}"
EndProject
Project("{FAE04EC0-301F-11D3-BF4B-00C04F79EFBC}") = "OperationalWorkspaceDomain", "OperationalWorkspaceDomain\OperationalWorkspaceDomain.csproj", "{4B67E793-5FC7-4A65-AD99-339B75615D44}"
EndProject
Project("{FAE04EC0-301F-11D3-BF4B-00C04F79EFBC}") = "OperationalWorkspaceApplication", "OperationalWorkspaceApplication\OperationalWorkspaceApplication.csproj", "{8A99771E-7DEA-4C6F-A306-026139415798}"
EndProject
Project("{FAE04EC0-301F-11D3-BF4B-00C04F79EFBC}") = "OperationalWorkspaceAPI", "OperationalWorkspaceAPI\OperationalWorkspaceAPI.csproj", "{B85798D2-565F-4F63-A04C-E05D6229184C}"
EndProject
Project("{2150E333-8FDC-42A3-9474-1A3956D46DE8}") = "OperationalWorkspaceAddin", "OperationalWorkspaceAddin", "{02EA681E-C7D8-13C7-8484-4AC65E1B71E8}"
	ProjectSection(SolutionItems) = preProject
		icon16.png = icon16.png
		icon32.png = icon32.png
		icon80.png = icon80.png
		manifest.xml = manifest.xml
		taskpane.html = taskpane.html
		taskpane.js = taskpane.js
	EndProjectSection
EndProject
Project("{FAE04EC0-301F-11D3-BF4B-00C04F79EFBC}") = "OperationalWorkspaceUnitTests", "OperationalWorkspaceUnitTests\OperationalWorkspaceUnitTests.csproj", "{17995046-9F64-488F-BD7C-109D9B4F8E87}"
EndProject
Project("{FAE04EC0-301F-11D3-BF4B-00C04F79EFBC}") = "SharedProject", "SharedProject\SharedProject.csproj", "{2A7F0696-FB85-402D-BE54-7189EE17CE8B}"
EndProject
Project("{FAE04EC0-301F-11D3-BF4B-00C04F79EFBC}") = "OperationalWorkspaceInfrastructure", "OperationalWorkspaceInfrastructure\OperationalWorkspaceInfrastructure.csproj", "{D3D01D38-4182-0CAB-D26C-265DB325AB60}"
EndProject
Global
	GlobalSection(SolutionConfigurationPlatforms) = preSolution
		Debug|Any CPU = Debug|Any CPU
		Release|Any CPU = Release|Any CPU
	EndGlobalSection
	GlobalSection(ProjectConfigurationPlatforms) = postSolution
		{BCD82251-DFFE-4ECB-8A69-4D3A4B608E5E}.Debug|Any CPU.ActiveCfg = Debug|Any CPU
		{BCD82251-DFFE-4ECB-8A69-4D3A4B608E5E}.Debug|Any CPU.Build.0 = Debug|Any CPU
		{BCD82251-DFFE-4ECB-8A69-4D3A4B608E5E}.Release|Any CPU.ActiveCfg = Release|Any CPU
		{BCD82251-DFFE-4ECB-8A69-4D3A4B608E5E}.Release|Any CPU.Build.0 = Release|Any CPU
		{4B67E793-5FC7-4A65-AD99-339B75615D44}.Debug|Any CPU.ActiveCfg = Debug|Any CPU
		{4B67E793-5FC7-4A65-AD99-339B75615D44}.Debug|Any CPU.Build.0 = Debug|Any CPU
		{4B67E793-5FC7-4A65-AD99-339B75615D44}.Release|Any CPU.ActiveCfg = Release|Any CPU
		{4B67E793-5FC7-4A65-AD99-339B75615D44}.Release|Any CPU.Build.0 = Release|Any CPU
		{8A99771E-7DEA-4C6F-A306-026139415798}.Debug|Any CPU.ActiveCfg = Debug|Any CPU
		{8A99771E-7DEA-4C6F-A306-026139415798}.Debug|Any CPU.Build.0 = Debug|Any CPU
		{8A99771E-7DEA-4C6F-A306-026139415798}.Release|Any CPU.ActiveCfg = Release|Any CPU
		{8A99771E-7DEA-4C6F-A306-026139415798}.Release|Any CPU.Build.0 = Release|Any CPU
		{B85798D2-565F-4F63-A04C-E05D6229184C}.Debug|Any CPU.ActiveCfg = Debug|Any CPU
		{B85798D2-565F-4F63-A04C-E05D6229184C}.Debug|Any CPU.Build.0 = Debug|Any CPU
		{B85798D2-565F-4F63-A04C-E05D6229184C}.Release|Any CPU.ActiveCfg = Release|Any CPU
		{B85798D2-565F-4F63-A04C-E05D6229184C}.Release|Any CPU.Build.0 = Release|Any CPU
		{17995046-9F64-488F-BD7C-109D9B4F8E87}.Debug|Any CPU.ActiveCfg = Debug|Any CPU
		{17995046-9F64-488F-BD7C-109D9B4F8E87}.Debug|Any CPU.Build.0 = Debug|Any CPU
		{17995046-9F64-488F-BD7C-109D9B4F8E87}.Release|Any CPU.ActiveCfg = Release|Any CPU
		{17995046-9F64-488F-BD7C-109D9B4F8E87}.Release|Any CPU.Build.0 = Release|Any CPU
		{2A7F0696-FB85-402D-BE54-7189EE17CE8B}.Debug|Any CPU.ActiveCfg = Debug|Any CPU
		{2A7F0696-FB85-402D-BE54-7189EE17CE8B}.Debug|Any CPU.Build.0 = Debug|Any CPU
		{2A7F0696-FB85-402D-BE54-7189EE17CE8B}.Release|Any CPU.ActiveCfg = Release|Any CPU
		{2A7F0696-FB85-402D-BE54-7189EE17CE8B}.Release|Any CPU.Build.0 = Release|Any CPU
		{D3D01D38-4182-0CAB-D26C-265DB325AB60}.Debug|Any CPU.ActiveCfg = Debug|Any CPU
		{D3D01D38-4182-0CAB-D26C-265DB325AB60}.Debug|Any CPU.Build.0 = Debug|Any CPU
		{D3D01D38-4182-0CAB-D26C-265DB325AB60}.Release|Any CPU.ActiveCfg = Release|Any CPU
		{D3D01D38-4182-0CAB-D26C-265DB325AB60}.Release|Any CPU.Build.0 = Release|Any CPU
	EndGlobalSection
	GlobalSection(SolutionProperties) = preSolution
		HideSolutionNode = FALSE
	EndGlobalSection
	GlobalSection(ExtensibilityGlobals) = postSolution
		SolutionGuid = {13E5AD4E-A3A8-4631-AEC1-07312D388164}
	EndGlobalSection
EndGlobal
